// !$*UTF8*$!
{
	archiveVersion = 1;
	classes = {
	};
	objectVersion = 46;
	objects = {

/* Begin PBXBuildFile section */
		353FFD781B5D245B0048D197 /* AppDelegate.swift in Sources */ = {isa = PBXBuildFile; fileRef = 353FFD771B5D245B0048D197 /* AppDelegate.swift */; };
		353FFD7A1B5D245B0048D197 /* ViewController.swift in Sources */ = {isa = PBXBuildFile; fileRef = 353FFD791B5D245B0048D197 /* ViewController.swift */; };
		353FFD7D1B5D245B0048D197 /* Main.storyboard in Resources */ = {isa = PBXBuildFile; fileRef = 353FFD7B1B5D245B0048D197 /* Main.storyboard */; };
		353FFD7F1B5D245B0048D197 /* Images.xcassets in Resources */ = {isa = PBXBuildFile; fileRef = 353FFD7E1B5D245B0048D197 /* Images.xcassets */; };
		353FFD821B5D245B0048D197 /* LaunchScreen.xib in Resources */ = {isa = PBXBuildFile; fileRef = 353FFD801B5D245B0048D197 /* LaunchScreen.xib */; };
		353FFD8E1B5D245B0048D197 /* shadowTests.swift in Sources */ = {isa = PBXBuildFile; fileRef = 353FFD8D1B5D245B0048D197 /* shadowTests.swift */; };
/* End PBXBuildFile section */

/* Begin PBXContainerItemProxy section */
		353FFD881B5D245B0048D197 /* PBXContainerItemProxy */ = {
			isa = PBXContainerItemProxy;
			containerPortal = 353FFD6A1B5D245A0048D197 /* Project object */;
			proxyType = 1;
			remoteGlobalIDString = 353FFD711B5D245B0048D197;
			remoteInfo = shadow;
		};
/* End PBXContainerItemProxy section */

/* Begin PBXFileReference section */
		353FFD721B5D245B0048D197 /* shadow.app */ = {isa = PBXFileReference; explicitFileType = wrapper.application; includeInIndex = 0; path = shadow.app; sourceTree = BUILT_PRODUCTS_DIR; };
		353FFD761B5D245B0048D197 /* Info.plist */ = {isa = PBXFileReference; lastKnownFileType = text.plist.xml; path = Info.plist; sourceTree = "<group>"; };
		353FFD771B5D245B0048D197 /* AppDelegate.swift */ = {isa = PBXFileReference; lastKnownFileType = sourcecode.swift; path = AppDelegate.swift; sourceTree = "<group>"; };
		353FFD791B5D245B0048D197 /* ViewController.swift */ = {isa = PBXFileReference; lastKnownFileType = sourcecode.swift; path = ViewController.swift; sourceTree = "<group>"; };
		353FFD7C1B5D245B0048D197 /* Base */ = {isa = PBXFileReference; explicitFileType = sourcecode.swift; name = Base; path = Base.lproj/Main.storyboard; sourceTree = "<group>"; };
		353FFD7E1B5D245B0048D197 /* Images.xcassets */ = {isa = PBXFileReference; lastKnownFileType = folder.assetcatalog; path = Images.xcassets; sourceTree = "<group>"; };
		353FFD811B5D245B0048D197 /* Base */ = {isa = PBXFileReference; lastKnownFileType = file.xib; name = Base; path = Base.lproj/LaunchScreen.xib; sourceTree = "<group>"; };
		353FFD871B5D245B0048D197 /* shadowTests.xctest */ = {isa = PBXFileReference; explicitFileType = wrapper.cfbundle; includeInIndex = 0; path = shadowTests.xctest; sourceTree = BUILT_PRODUCTS_DIR; };
		353FFD8C1B5D245B0048D197 /* Info.plist */ = {isa = PBXFileReference; lastKnownFileType = text.plist.xml; path = Info.plist; sourceTree = "<group>"; };
		353FFD8D1B5D245B0048D197 /* shadowTests.swift */ = {isa = PBXFileReference; lastKnownFileType = sourcecode.swift; path = shadowTests.swift; sourceTree = "<group>"; };
/* End PBXFileReference section */

/* Begin PBXFrameworksBuildPhase section */
		353FFD6F1B5D245B0048D197 /* Frameworks */ = {
			isa = PBXFrameworksBuildPhase;
			buildActionMask = 2147483647;
			files = (
			);
			runOnlyForDeploymentPostprocessing = 0;
		};
		353FFD841B5D245B0048D197 /* Frameworks */ = {
			isa = PBXFrameworksBuildPhase;
			buildActionMask = 2147483647;
			files = (
			);
			runOnlyForDeploymentPostprocessing = 0;
		};
/* End PBXFrameworksBuildPhase section */

/* Begin PBXGroup section */
		353FFD691B5D245A0048D197 = {
			isa = PBXGroup;
			children = (
				353FFD741B5D245B0048D197 /* shadow */,
				353FFD8A1B5D245B0048D197 /* shadowTests */,
				353FFD731B5D245B0048D197 /* Products */,
			);
			sourceTree = "<group>";
		};
		353FFD731B5D245B0048D197 /* Products */ = {
			isa = PBXGroup;
			children = (
				353FFD721B5D245B0048D197 /* shadow.app */,
				353FFD871B5D245B0048D197 /* shadowTests.xctest */,
			);
			name = Products;
			sourceTree = "<group>";
		};
		353FFD741B5D245B0048D197 /* shadow */ = {
			isa = PBXGroup;
			children = (
				353FFD771B5D245B0048D197 /* AppDelegate.swift */,
				353FFD791B5D245B0048D197 /* ViewController.swift */,
				353FFD7B1B5D245B0048D197 /* Main.storyboard */,
				353FFD7E1B5D245B0048D197 /* Images.xcassets */,
				353FFD801B5D245B0048D197 /* LaunchScreen.xib */,
				353FFD751B5D245B0048D197 /* Supporting Files */,
			);
			path = shadow;
			sourceTree = "<group>";
		};
		353FFD751B5D245B0048D197 /* Supporting Files */ = {
			isa = PBXGroup;
			children = (
				353FFD761B5D245B0048D197 /* Info.plist */,
			);
			name = "Supporting Files";
			sourceTree = "<group>";
		};
		353FFD8A1B5D245B0048D197 /* shadowTests */ = {
			isa = PBXGroup;
			children = (
				353FFD8D1B5D245B0048D197 /* shadowTests.swift */,
				353FFD8B1B5D245B0048D197 /* Supporting Files */,
			);
			path = shadowTests;
			sourceTree = "<group>";
		};
		353FFD8B1B5D245B0048D197 /* Supporting Files */ = {
			isa = PBXGroup;
			children = (
				353FFD8C1B5D245B0048D197 /* Info.plist */,
			);
			name = "Supporting Files";
			sourceTree = "<group>";
		};
/* End PBXGroup section */

/* Begin PBXNativeTarget section */
		353FFD711B5D245B0048D197 /* shadow */ = {
			isa = PBXNativeTarget;
			buildConfigurationList = 353FFD911B5D245B0048D197 /* Build configuration list for PBXNativeTarget "shadow" */;
			buildPhases = (
				353FFD6E1B5D245B0048D197 /* Sources */,
				353FFD6F1B5D245B0048D197 /* Frameworks */,
				353FFD701B5D245B0048D197 /* Resources */,
			);
			buildRules = (
			);
			dependencies = (
			);
			name = shadow;
			productName = shadow;
			productReference = 353FFD721B5D245B0048D197 /* shadow.app */;
			productType = "com.apple.product-type.application";
		};
		353FFD861B5D245B0048D197 /* shadowTests */ = {
			isa = PBXNativeTarget;
			buildConfigurationList = 353FFD941B5D245B0048D197 /* Build configuration list for PBXNativeTarget "shadowTests" */;
			buildPhases = (
				353FFD831B5D245B0048D197 /* Sources */,
				353FFD841B5D245B0048D197 /* Frameworks */,
				353FFD851B5D245B0048D197 /* Resources */,
			);
			buildRules = (
			);
			dependencies = (
				353FFD891B5D245B0048D197 /* PBXTargetDependency */,
			);
			name = shadowTests;
			productName = shadowTests;
			productReference = 353FFD871B5D245B0048D197 /* shadowTests.xctest */;
			productType = "com.apple.product-type.bundle.unit-test";
		};
/* End PBXNativeTarget section */

/* Begin PBXProject section */
		353FFD6A1B5D245A0048D197 /* Project object */ = {
			isa = PBXProject;
			attributes = {
				LastUpgradeCheck = 0630;
				ORGANIZATIONNAME = "心影";
				TargetAttributes = {
					353FFD711B5D245B0048D197 = {
						CreatedOnToolsVersion = 6.3.1;
					};
					353FFD861B5D245B0048D197 = {
						CreatedOnToolsVersion = 6.3.1;
						TestTargetID = 353FFD711B5D245B0048D197;
					};
				};
			};
			buildConfigurationList = 353FFD6D1B5D245A0048D197 /* Build configuration list for PBXProject "shadow" */;
			compatibilityVersion = "Xcode 3.2";
			developmentRegion = English;
			hasScannedForEncodings = 0;
			knownRegions = (
				en,
				Base,
			);
			mainGroup = 353FFD691B5D245A0048D197;
			productRefGroup = 353FFD731B5D245B0048D197 /* Products */;
			projectDirPath = "";
			projectRoot = "";
			targets = (
				353FFD711B5D245B0048D197 /* shadow */,
				353FFD861B5D245B0048D197 /* shadowTests */,
			);
		};
/* End PBXProject section */

/* Begin PBXResourcesBuildPhase section */
		353FFD701B5D245B0048D197 /* Resources */ = {
			isa = PBXResourcesBuildPhase;
			buildActionMask = 2147483647;
			files = (
				353FFD7D1B5D245B0048D197 /* Main.storyboard in Resources */,
				353FFD821B5D245B0048D197 /* LaunchScreen.xib in Resources */,
				353FFD7F1B5D245B0048D197 /* Images.xcassets in Resources */,
			);
			runOnlyForDeploymentPostprocessing = 0;
		};
		353FFD851B5D245B0048D197 /* Resources */ = {
			isa = PBXResourcesBuildPhase;
			buildActionMask = 2147483647;
			files = (
			);
			runOnlyForDeploymentPostprocessing = 0;
		};
/* End PBXResourcesBuildPhase section */

/* Begin PBXSourcesBuildPhase section */
		353FFD6E1B5D245B0048D197 /* Sources */ = {
			isa = PBXSourcesBuildPhase;
			buildActionMask = 2147483647;
			files = (
				353FFD7A1B5D245B0048D197 /* ViewController.swift in Sources */,
				353FFD781B5D245B0048D197 /* AppDelegate.swift in Sources */,
			);
			runOnlyForDeploymentPostprocessing = 0;
		};
		353FFD831B5D245B0048D197 /* Sources */ = {
			isa = PBXSourcesBuildPhase;
			buildActionMask = 2147483647;
			files = (
				353FFD8E1B5D245B0048D197 /* shadowTests.swift in Sources */,
			);
			runOnlyForDeploymentPostprocessing = 0;
		};
/* End PBXSourcesBuildPhase section */

/* Begin PBXTargetDependency section */
		353FFD891B5D245B0048D197 /* PBXTargetDependency */ = {
			isa = PBXTargetDependency;
			target = 353FFD711B5D245B0048D197 /* shadow */;
			targetProxy = 353FFD881B5D245B0048D197 /* PBXContainerItemProxy */;
		};
/* End PBXTargetDependency section */

/* Begin PBXVariantGroup section */
		353FFD7B1B5D245B0048D197 /* Main.storyboard */ = {
			isa = PBXVariantGroup;
			children = (
				353FFD7C1B5D245B0048D197 /* Base */,
			);
			name = Main.storyboard;
			sourceTree = "<group>";
		};
		353FFD801B5D245B0048D197 /* LaunchScreen.xib */ = {
			isa = PBXVariantGroup;
			children = (
				353FFD811B5D245B0048D197 /* Base */,
			);
			name = LaunchScreen.xib;
			sourceTree = "<group>";
		};
/* End PBXVariantGroup section */

/* Begin XCBuildConfiguration section */
		353FFD8F1B5D245B0048D197 /* Debug */ = {
			isa = XCBuildConfiguration;
			buildSettings = {
				ALWAYS_SEARCH_USER_PATHS = NO;
				CLANG_CXX_LANGUAGE_STANDARD = "gnu++0x";
				CLANG_CXX_LIBRARY = "libc++";
				CLANG_ENABLE_MODULES = YES;
				CLANG_ENABLE_OBJC_ARC = YES;
				CLANG_WARN_BOOL_CONVERSION = YES;
				CLANG_WARN_CONSTANT_CONVERSION = YES;
				CLANG_WARN_DIRECT_OBJC_ISA_USAGE = YES_ERROR;
				CLANG_WARN_EMPTY_BODY = YES;
				CLANG_WARN_ENUM_CONVERSION = YES;
				CLANG_WARN_INT_CONVERSION = YES;
				CLANG_WARN_OBJC_ROOT_CLASS = YES_ERROR;
				CLANG_WARN_UNREACHABLE_CODE = YES;
				CLANG_WARN__DUPLICATE_METHOD_MATCH = YES;
				"CODE_SIGN_IDENTITY[sdk=iphoneos*]" = "iPhone Developer";
				COPY_PHASE_STRIP = NO;
				DEBUG_INFORMATION_FORMAT = "dwarf-with-dsym";
				ENABLE_STRICT_OBJC_MSGSEND = YES;
				GCC_C_LANGUAGE_STANDARD = gnu99;
				GCC_DYNAMIC_NO_PIC = NO;
				GCC_NO_COMMON_BLOCKS = YES;
				GCC_OPTIMIZATION_LEVEL = 0;
				GCC_PREPROCESSOR_DEFINITIONS = (
					"DEBUG=1",
					"$(inherited)",
				);
				GCC_SYMBOLS_PRIVATE_EXTERN = NO;
				GCC_WARN_64_TO_32_BIT_CONVERSION = YES;
				GCC_WARN_ABOUT_RETURN_TYPE = YES_ERROR;
				GCC_WARN_UNDECLARED_SELECTOR = YES;
				GCC_WARN_UNINITIALIZED_AUTOS = YES_AGGRESSIVE;
				GCC_WARN_UNUSED_FUNCTION = YES;
				GCC_WARN_UNUSED_VARIABLE = YES;
				IPHONEOS_DEPLOYMENT_TARGET = 8.3;
				MTL_ENABLE_DEBUG_INFO = YES;
				ONLY_ACTIVE_ARCH = YES;
				SDKROOT = iphoneos;
				SWIFT_OPTIMIZATION_LEVEL = "-Onone";
			};
			name = Debug;
		};
		353FFD901B5D245B0048D197 /* Release */ = {
			isa = XCBuildConfiguration;
			buildSettings = {
				ALWAYS_SEARCH_USER_PATHS = NO;
				CLANG_CXX_LANGUAGE_STANDARD = "gnu++0x";
				CLANG_CXX_LIBRARY = "libc++";
				CLANG_ENABLE_MODULES = YES;
				CLANG_ENABLE_OBJC_ARC = YES;
				CLANG_WARN_BOOL_CONVERSION = YES;
				CLANG_WARN_CONSTANT_CONVERSION = YES;
				CLANG_WARN_DIRECT_OBJC_ISA_USAGE = YES_ERROR;
				CLANG_WARN_EMPTY_BODY = YES;
				CLANG_WARN_ENUM_CONVERSION = YES;
				CLANG_WARN_INT_CONVERSION = YES;
				CLANG_WARN_OBJC_ROOT_CLASS = YES_ERROR;
				CLANG_WARN_UNREACHABLE_CODE = YES;
				CLANG_WARN__DUPLICATE_METHOD_MATCH = YES;
				"CODE_SIGN_IDENTITY[sdk=iphoneos*]" = "iPhone Developer";
				COPY_PHASE_STRIP = NO;
				DEBUG_INFORMATION_FORMAT = "dwarf-with-dsym";
				ENABLE_NS_ASSERTIONS = NO;
				ENABLE_STRICT_OBJC_MSGSEND = YES;
				GCC_C_LANGUAGE_STANDARD = gnu99;
				GCC_NO_COMMON_BLOCKS = YES;
				GCC_WARN_64_TO_32_BIT_CONVERSION = YES;
				GCC_WARN_ABOUT_RETURN_TYPE = YES_ERROR;
				GCC_WARN_UNDECLARED_SELECTOR = YES;
				GCC_WARN_UNINITIALIZED_AUTOS = YES_AGGRESSIVE;
				GCC_WARN_UNUSED_FUNCTION = YES;
				GCC_WARN_UNUSED_VARIABLE = YES;
				IPHONEOS_DEPLOYMENT_TARGET = 8.3;
				MTL_ENABLE_DEBUG_INFO = NO;
				SDKROOT = iphoneos;
				VALIDATE_PRODUCT = YES;
			};
			name = Release;
		};
		353FFD921B5D245B0048D197 /* Debug */ = {
			isa = XCBuildConfiguration;
			buildSettings = {
				ASSETCATALOG_COMPILER_APPICON_NAME = AppIcon;
				INFOPLIST_FILE = shadow/Info.plist;
				LD_RUNPATH_SEARCH_PATHS = "$(inherited) @executable_path/Frameworks";
				PRODUCT_NAME = "$(TARGET_NAME)";
			};
			name = Debug;
		};
		353FFD931B5D245B0048D197 /* Release */ = {
			isa = XCBuildConfiguration;
			buildSettings = {
				ASSETCATALOG_COMPILER_APPICON_NAME = AppIcon;
				INFOPLIST_FILE = shadow/Info.plist;
				LD_RUNPATH_SEARCH_PATHS = "$(inherited) @executable_path/Frameworks";
				PRODUCT_NAME = "$(TARGET_NAME)";
			};
			name = Release;
		};
		353FFD951B5D245B0048D197 /* Debug */ = {
			isa = XCBuildConfiguration;
			buildSettings = {
				BUNDLE_LOADER = "$(TEST_HOST)";
				FRAMEWORK_SEARCH_PATHS = (
					"$(SDKROOT)/Developer/Library/Frameworks",
					"$(inherited)",
				);
				GCC_PREPROCESSOR_DEFINITIONS = (
					"DEBUG=1",
					"$(inherited)",
				);
				INFOPLIST_FILE = shadowTests/Info.plist;
				LD_RUNPATH_SEARCH_PATHS = "$(inherited) @executable_path/Frameworks @loader_path/Frameworks";
				PRODUCT_NAME = "$(TARGET_NAME)";
				TEST_HOST = "$(BUILT_PRODUCTS_DIR)/shadow.app/shadow";
			};
			name = Debug;
		};
		353FFD961B5D245B0048D197 /* Release */ = {
			isa = XCBuildConfiguration;
			buildSettings = {
				BUNDLE_LOADER = "$(TEST_HOST)";
				FRAMEWORK_SEARCH_PATHS = (
					"$(SDKROOT)/Developer/Library/Frameworks",
					"$(inherited)",
				);
				INFOPLIST_FILE = shadowTests/Info.plist;
				LD_RUNPATH_SEARCH_PATHS = "$(inherited) @executable_path/Frameworks @loader_path/Frameworks";
				PRODUCT_NAME = "$(TARGET_NAME)";
				TEST_HOST = "$(BUILT_PRODUCTS_DIR)/shadow.app/shadow";
			};
			name = Release;
		};
/* End XCBuildConfiguration section */

/* Begin XCConfigurationList section */
		353FFD6D1B5D245A0048D197 /* Build configuration list for PBXProject "shadow" */ = {
			isa = XCConfigurationList;
			buildConfigurations = (
				353FFD8F1B5D245B0048D197 /* Debug */,
				353FFD901B5D245B0048D197 /* Release */,
			);
			defaultConfigurationIsVisible = 0;
			defaultConfigurationName = Release;
		};
		353FFD911B5D245B0048D197 /* Build configuration list for PBXNativeTarget "shadow" */ = {
			isa = XCConfigurationList;
			buildConfigurations = (
				353FFD921B5D245B0048D197 /* Debug */,
				353FFD931B5D245B0048D197 /* Release */,
			);
			defaultConfigurationIsVisible = 0;
		};
		353FFD941B5D245B0048D197 /* Build configuration list for PBXNativeTarget "shadowTests" */ = {
			isa = XCConfigurationList;
			buildConfigurations = (
				353FFD951B5D245B0048D197 /* Debug */,
				353FFD961B5D245B0048D197 /* Release */,
			);
			defaultConfigurationIsVisible = 0;
		};
/* End XCConfigurationList section */
	};
	rootObject = 353FFD6A1B5D245A0048D197 /* Project object */;
}
